
Microsoft Visual Studio Solution File, Format Version 12.00
# Visual Studio 15
Project("{FAE04EC0-301F-11D3-BF4B-00C04F79EFBC}") = "Assembly-CSharp", "Assembly-CSharp.csproj", "{73C67EBD-8FFC-FBEC-3413-DBB71BD2B653}"
EndProject
Project("{FAE04EC0-301F-11D3-BF4B-00C04F79EFBC}") = "Assembly-CSharp-Editor", "Assembly-CSharp-Editor.csproj", "{17C03E11-7066-7927-0852-842A1C5A400A}"
EndProject
Project("{FAE04EC0-301F-11D3-BF4B-00C04F79EFBC}") = "Assembly-CSharp", "Assembly-CSharp.Player.csproj", "{16168DAD-9662-5882-CB2C-D84E1C91A8CC}"
EndProject
Global
	GlobalSection(SolutionConfigurationPlatforms) = preSolution
		Debug|Any CPU = Debug|Any CPU
		Release|Any CPU = Release|Any CPU
	EndGlobalSection
	GlobalSection(ProjectConfigurationPlatforms) = postSolution
		{73C67EBD-8FFC-FBEC-3413-DBB71BD2B653}.Debug|Any CPU.ActiveCfg = Debug|Any CPU
		{73C67EBD-8FFC-FBEC-3413-DBB71BD2B653}.Debug|Any CPU.Build.0 = Debug|Any CPU
		{73C67EBD-8FFC-FBEC-3413-DBB71BD2B653}.Release|Any CPU.ActiveCfg = Release|Any CPU
		{73C67EBD-8FFC-FBEC-3413-DBB71BD2B653}.Release|Any CPU.Build.0 = Release|Any CPU
		{17C03E11-7066-7927-0852-842A1C5A400A}.Debug|Any CPU.ActiveCfg = Debug|Any CPU
		{17C03E11-7066-7927-0852-842A1C5A400A}.Debug|Any CPU.Build.0 = Debug|Any CPU
		{17C03E11-7066-7927-0852-842A1C5A400A}.Release|Any CPU.ActiveCfg = Release|Any CPU
		{17C03E11-7066-7927-0852-842A1C5A400A}.Release|Any CPU.Build.0 = Release|Any CPU
		{16168DAD-9662-5882-CB2C-D84E1C91A8CC}.Debug|Any CPU.ActiveCfg = Debug|Any CPU
		{16168DAD-9662-5882-CB2C-D84E1C91A8CC}.Debug|Any CPU.Build.0 = Debug|Any CPU
		{16168DAD-9662-5882-CB2C-D84E1C91A8CC}.Release|Any CPU.ActiveCfg = Release|Any CPU
		{16168DAD-9662-5882-CB2C-D84E1C91A8CC}.Release|Any CPU.Build.0 = Release|Any CPU
	EndGlobalSection
	GlobalSection(SolutionProperties) = preSolution
		HideSolutionNode = FALSE
	EndGlobalSection
EndGlobal
